
Microsoft Visual Studio Solution File, Format Version 10.00
# Visual Studio 2008
Project("{8BC9CEB8-8B4A-11D0-8D11-00A0C91BC942}") = "dpix", "dpix\dpix.vcproj", "{DE84AB40-6089-38C2-827C-A23C6E338A93}"
	ProjectSection(ProjectDependencies) = postProject
		{9E71349E-6790-3E75-8D61-1E009CFADA14} = {9E71349E-6790-3E75-8D61-1E009CFADA14}
		{AA8842C7-33CD-3280-AA37-C8D28FE6CD3D} = {AA8842C7-33CD-3280-AA37-C8D28FE6CD3D}
		{0BE6CFE7-ABA1-365E-BBDC-46F922CB6F01} = {0BE6CFE7-ABA1-365E-BBDC-46F922CB6F01}
		{1220E126-C8DB-36C1-929A-6C2C7F39FF20} = {1220E126-C8DB-36C1-929A-6C2C7F39FF20}
	EndProjectSection
EndProject
Project("{8BC9CEB8-8B4A-11D0-8D11-00A0C91BC942}") = "cda", "libcda\cda.vcproj", "{AA8842C7-33CD-3280-AA37-C8D28FE6CD3D}"
EndProject
Project("{8BC9CEB8-8B4A-11D0-8D11-00A0C91BC942}") = "qglviewer", "qglviewer\qglviewer.vcproj", "{0BE6CFE7-ABA1-365E-BBDC-46F922CB6F01}"
EndProject
Project("{8BC9CEB8-8B4A-11D0-8D11-00A0C91BC942}") = "npr", "libnpr\npr.vcproj", "{9E71349E-6790-3E75-8D61-1E009CFADA14}"
EndProject
Project("{8BC9CEB8-8B4A-11D0-8D11-00A0C91BC942}") = "gq", "libgq\gq.vcproj", "{1220E126-C8DB-36C1-929A-6C2C7F39FF20}"
EndProject
Global
	GlobalSection(SolutionConfigurationPlatforms) = preSolution
		Debug|Win32 = Debug|Win32
		Release|Win32 = Release|Win32
	EndGlobalSection
	GlobalSection(ProjectConfigurationPlatforms) = postSolution
		{DE84AB40-6089-38C2-827C-A23C6E338A93}.Debug|Win32.ActiveCfg = Debug|Win32
		{DE84AB40-6089-38C2-827C-A23C6E338A93}.Debug|Win32.Build.0 = Debug|Win32
		{DE84AB40-6089-38C2-827C-A23C6E338A93}.Release|Win32.ActiveCfg = Release|Win32
		{DE84AB40-6089-38C2-827C-A23C6E338A93}.Release|Win32.Build.0 = Release|Win32
		{AA8842C7-33CD-3280-AA37-C8D28FE6CD3D}.Debug|Win32.ActiveCfg = Debug|Win32
		{AA8842C7-33CD-3280-AA37-C8D28FE6CD3D}.Debug|Win32.Build.0 = Debug|Win32
		{AA8842C7-33CD-3280-AA37-C8D28FE6CD3D}.Release|Win32.ActiveCfg = Release|Win32
		{AA8842C7-33CD-3280-AA37-C8D28FE6CD3D}.Release|Win32.Build.0 = Release|Win32
		{0BE6CFE7-ABA1-365E-BBDC-46F922CB6F01}.Debug|Win32.ActiveCfg = Debug|Win32
		{0BE6CFE7-ABA1-365E-BBDC-46F922CB6F01}.Debug|Win32.Build.0 = Debug|Win32
		{0BE6CFE7-ABA1-365E-BBDC-46F922CB6F01}.Release|Win32.ActiveCfg = Release|Win32
		{0BE6CFE7-ABA1-365E-BBDC-46F922CB6F01}.Release|Win32.Build.0 = Release|Win32
		{9E71349E-6790-3E75-8D61-1E009CFADA14}.Debug|Win32.ActiveCfg = Debug|Win32
		{9E71349E-6790-3E75-8D61-1E009CFADA14}.Debug|Win32.Build.0 = Debug|Win32
		{9E71349E-6790-3E75-8D61-1E009CFADA14}.Release|Win32.ActiveCfg = Release|Win32
		{9E71349E-6790-3E75-8D61-1E009CFADA14}.Release|Win32.Build.0 = Release|Win32
		{1220E126-C8DB-36C1-929A-6C2C7F39FF20}.Debug|Win32.ActiveCfg = Debug|Win32
		{1220E126-C8DB-36C1-929A-6C2C7F39FF20}.Debug|Win32.Build.0 = Debug|Win32
		{1220E126-C8DB-36C1-929A-6C2C7F39FF20}.Release|Win32.ActiveCfg = Release|Win32
		{1220E126-C8DB-36C1-929A-6C2C7F39FF20}.Release|Win32.Build.0 = Release|Win32
	EndGlobalSection
	GlobalSection(SolutionProperties) = preSolution
		HideSolutionNode = FALSE
	EndGlobalSection
EndGlobal
